// !$*UTF8*$!
{
	archiveVersion = 1;
	classes = {
	};
	objectVersion = 56;
	objects = {

/* Begin PBXBuildFile section */
		D35DF701E7A64A3A8A5A4EA9 /* ZCodeMobileApp.swift in Sources */ = {isa = PBXBuildFile; fileRef = 10697EADB56F49D1A60BEE96 /* ZCodeMobileApp.swift */; };
		ADB597E64644440D8D51A9E0 /* Theme.swift in Sources */ = {isa = PBXBuildFile; fileRef = DE4A619B33544FF0BC93BC87 /* Theme.swift */; };
		83BBFB3D29B44100BC319B37 /* Models.swift in Sources */ = {isa = PBXBuildFile; fileRef = 05B4326D084A4D428C3E6232 /* Models.swift */; };
		83A4DA4EE21240FC8F834031 /* AppSettings.swift in Sources */ = {isa = PBXBuildFile; fileRef = 0CCB5E7ECC1E4CF696867D3E /* AppSettings.swift */; };
		A20A2518C46144B294F42FE5 /* AppState.swift in Sources */ = {isa = PBXBuildFile; fileRef = EB88C726F05145BA87D006F8 /* AppState.swift */; };
		746DE1F2AEF14C5FB53179AD /* OfficialLink.swift in Sources */ = {isa = PBXBuildFile; fileRef = 0ADE5709CDE74B1C995C2D5E /* OfficialLink.swift */; };
		05E59412937D476B82764631 /* OfficialRelay.swift in Sources */ = {isa = PBXBuildFile; fileRef = D4022339E29F49768B343E57 /* OfficialRelay.swift */; };
		4250DC569EC04FBD80E6E78B /* VSCodeIPC.swift in Sources */ = {isa = PBXBuildFile; fileRef = 37D17D7E78524B5993115AB6 /* VSCodeIPC.swift */; };
		975C1FE800BC4D39BE76D0D7 /* RpcFrame.swift in Sources */ = {isa = PBXBuildFile; fileRef = 9592A07DB65C470B903AE3A0 /* RpcFrame.swift */; };
		735590153F5C41BA98707526 /* NotificationCenter.swift in Sources */ = {isa = PBXBuildFile; fileRef = C4B60B80F3804106BA9AFC1A /* NotificationCenter.swift */; };
		88027720DC1B4069A21E7D88 /* RootView.swift in Sources */ = {isa = PBXBuildFile; fileRef = 5723445CE0A941009C13E3FB /* RootView.swift */; };
		F92B9F2639B145F6B99FAA6B /* MarkdownRenderer.swift in Sources */ = {isa = PBXBuildFile; fileRef = 2B954B7DF5F24A099FC0471F /* MarkdownRenderer.swift */; };
		2B4D831DED4B4246A80963ED /* ComposerView.swift in Sources */ = {isa = PBXBuildFile; fileRef = D39BADF9ECC44C9D97092145 /* ComposerView.swift */; };
		A32CFA2276D843A7A3781317 /* InsertWebView.swift in Sources */ = {isa = PBXBuildFile; fileRef = 862C11A890B7413192B047D0 /* InsertWebView.swift */; };
		C47F848258374DDCBBCC1BE5 /* ChatViewController.swift in Sources */ = {isa = PBXBuildFile; fileRef = 71888BA5EEAD4DB383A5FA4F /* ChatViewController.swift */; };
		9B36C48FD0FD4899B6D9DA92 /* QRScannerViewController.swift in Sources */ = {isa = PBXBuildFile; fileRef = 9C57D0EB78A94E319042CFBC /* QRScannerViewController.swift */; };
		AD7C8BF98F344EF28C28B25B /* SilentAudio.swift in Sources */ = {isa = PBXBuildFile; fileRef = 8D0B686110B44861A34A7C95 /* SilentAudio.swift */; };
		D4BCDE9F99AF41F09119B7F0 /* Assets.xcassets in Resources */ = {isa = PBXBuildFile; fileRef = D004B0ABB6EC409F88CD5FC7 /* Assets.xcassets */; };
		619EAA334C1C4D3DA28B8B27 /* PrivacyInfo.xcprivacy in Resources */ = {isa = PBXBuildFile; fileRef = FDA5466F348A4CD1AD44BDAA /* PrivacyInfo.xcprivacy */; };
		72ED3CBBE81B41B3B6C61547 /* UIKit.framework in Frameworks */ = {isa = PBXBuildFile; fileRef = 449E65246C0B42258663E517 /* UIKit.framework */; };
		09F7EAEBA36746D49EA8761F /* SwiftUI.framework in Frameworks */ = {isa = PBXBuildFile; fileRef = 59EE078AF06C401BB974C963 /* SwiftUI.framework */; };
		5845CB6830794796AFC152BA /* UserNotifications.framework in Frameworks */ = {isa = PBXBuildFile; fileRef = 81F496DFD5B14BA7A66D0C9F /* UserNotifications.framework */; };
		9A7A482F823A47B4839274AC /* AVFoundation.framework in Frameworks */ = {isa = PBXBuildFile; fileRef = 54D3896ADF144109A6A1F7DB /* AVFoundation.framework */; };
		5BC1664215C54996ADC59F1F /* Vision.framework in Frameworks */ = {isa = PBXBuildFile; fileRef = D40C0A0EC754457284FB5F54 /* Vision.framework */; };
		EC03AB1804D54B21AC901BA1 /* PhotosUI.framework in Frameworks */ = {isa = PBXBuildFile; fileRef = E0DC75627E824DADA0EA6DD3 /* PhotosUI.framework */; };
		F95F585A599C49F883EA498B /* CryptoKit.framework in Frameworks */ = {isa = PBXBuildFile; fileRef = AAC0D9F1F3D9444C9E5C0B4A /* CryptoKit.framework */; };
		EA53390168CB49FF8FD73FA8 /* WebKit.framework in Frameworks */ = {isa = PBXBuildFile; fileRef = 2097271C8AC9418CBD7EDFD3 /* WebKit.framework */; };
/* End PBXBuildFile section */

/* Begin PBXFileReference section */
		26C037091E7E447BA8B11BF5 /* ZCode.app */ = {isa = PBXFileReference; explicitFileType = wrapper.application; includeInIndex = 0; path = ZCode.app; sourceTree = BUILT_PRODUCTS_DIR; };
		D004B0ABB6EC409F88CD5FC7 /* Assets.xcassets */ = {isa = PBXFileReference; lastKnownFileType = folder.assetcatalog; path = Assets.xcassets; sourceTree = "<group>"; };
		FDA5466F348A4CD1AD44BDAA /* PrivacyInfo.xcprivacy */ = {isa = PBXFileReference; lastKnownFileType = text.xml; path = PrivacyInfo.xcprivacy; sourceTree = "<group>"; };
		196D67F324A24F4787337963 /* ZCodeMobile.entitlements */ = {isa = PBXFileReference; lastKnownFileType = text.plist.entitlements; path = ZCodeMobile.entitlements; sourceTree = "<group>"; };
		F2D4D8A7F198412DB5E726D5 /* Info.plist */ = {isa = PBXFileReference; lastKnownFileType = text.plist.xml; path = Info.plist; sourceTree = "<group>"; };
		10697EADB56F49D1A60BEE96 /* ZCodeMobileApp.swift */ = {isa = PBXFileReference; lastKnownFileType = sourcecode.swift; path = ZCodeMobileApp.swift; sourceTree = "<group>"; };
		DE4A619B33544FF0BC93BC87 /* Theme.swift */ = {isa = PBXFileReference; lastKnownFileType = sourcecode.swift; path = Theme.swift; sourceTree = "<group>"; };
		05B4326D084A4D428C3E6232 /* Models.swift */ = {isa = PBXFileReference; lastKnownFileType = sourcecode.swift; path = Models.swift; sourceTree = "<group>"; };
		0CCB5E7ECC1E4CF696867D3E /* AppSettings.swift */ = {isa = PBXFileReference; lastKnownFileType = sourcecode.swift; path = AppSettings.swift; sourceTree = "<group>"; };
		EB88C726F05145BA87D006F8 /* AppState.swift */ = {isa = PBXFileReference; lastKnownFileType = sourcecode.swift; path = AppState.swift; sourceTree = "<group>"; };
		0ADE5709CDE74B1C995C2D5E /* OfficialLink.swift */ = {isa = PBXFileReference; lastKnownFileType = sourcecode.swift; path = OfficialLink.swift; sourceTree = "<group>"; };
		D4022339E29F49768B343E57 /* OfficialRelay.swift */ = {isa = PBXFileReference; lastKnownFileType = sourcecode.swift; path = OfficialRelay.swift; sourceTree = "<group>"; };
		37D17D7E78524B5993115AB6 /* VSCodeIPC.swift */ = {isa = PBXFileReference; lastKnownFileType = sourcecode.swift; path = VSCodeIPC.swift; sourceTree = "<group>"; };
		9592A07DB65C470B903AE3A0 /* RpcFrame.swift */ = {isa = PBXFileReference; lastKnownFileType = sourcecode.swift; path = RpcFrame.swift; sourceTree = "<group>"; };
		C4B60B80F3804106BA9AFC1A /* NotificationCenter.swift */ = {isa = PBXFileReference; lastKnownFileType = sourcecode.swift; path = NotificationCenter.swift; sourceTree = "<group>"; };
		5723445CE0A941009C13E3FB /* RootView.swift */ = {isa = PBXFileReference; lastKnownFileType = sourcecode.swift; path = RootView.swift; sourceTree = "<group>"; };
		2B954B7DF5F24A099FC0471F /* MarkdownRenderer.swift */ = {isa = PBXFileReference; lastKnownFileType = sourcecode.swift; path = MarkdownRenderer.swift; sourceTree = "<group>"; };
		D39BADF9ECC44C9D97092145 /* ComposerView.swift */ = {isa = PBXFileReference; lastKnownFileType = sourcecode.swift; path = ComposerView.swift; sourceTree = "<group>"; };
		862C11A890B7413192B047D0 /* InsertWebView.swift */ = {isa = PBXFileReference; lastKnownFileType = sourcecode.swift; path = InsertWebView.swift; sourceTree = "<group>"; };
		71888BA5EEAD4DB383A5FA4F /* ChatViewController.swift */ = {isa = PBXFileReference; lastKnownFileType = sourcecode.swift; path = ChatViewController.swift; sourceTree = "<group>"; };
		9C57D0EB78A94E319042CFBC /* QRScannerViewController.swift */ = {isa = PBXFileReference; lastKnownFileType = sourcecode.swift; path = QRScannerViewController.swift; sourceTree = "<group>"; };
		8D0B686110B44861A34A7C95 /* SilentAudio.swift */ = {isa = PBXFileReference; lastKnownFileType = sourcecode.swift; path = SilentAudio.swift; sourceTree = "<group>"; };
		449E65246C0B42258663E517 /* UIKit.framework */ = {isa = PBXFileReference; lastKnownFileType = wrapper.framework; name = UIKit.framework; path = System/Library/Frameworks/UIKit.framework; sourceTree = SDKROOT; };
		59EE078AF06C401BB974C963 /* SwiftUI.framework */ = {isa = PBXFileReference; lastKnownFileType = wrapper.framework; name = SwiftUI.framework; path = System/Library/Frameworks/SwiftUI.framework; sourceTree = SDKROOT; };
		81F496DFD5B14BA7A66D0C9F /* UserNotifications.framework */ = {isa = PBXFileReference; lastKnownFileType = wrapper.framework; name = UserNotifications.framework; path = System/Library/Frameworks/UserNotifications.framework; sourceTree = SDKROOT; };
		54D3896ADF144109A6A1F7DB /* AVFoundation.framework */ = {isa = PBXFileReference; lastKnownFileType = wrapper.framework; name = AVFoundation.framework; path = System/Library/Frameworks/AVFoundation.framework; sourceTree = SDKROOT; };
		D40C0A0EC754457284FB5F54 /* Vision.framework */ = {isa = PBXFileReference; lastKnownFileType = wrapper.framework; name = Vision.framework; path = System/Library/Frameworks/Vision.framework; sourceTree = SDKROOT; };
		E0DC75627E824DADA0EA6DD3 /* PhotosUI.framework */ = {isa = PBXFileReference; lastKnownFileType = wrapper.framework; name = PhotosUI.framework; path = System/Library/Frameworks/PhotosUI.framework; sourceTree = SDKROOT; };
		AAC0D9F1F3D9444C9E5C0B4A /* CryptoKit.framework */ = {isa = PBXFileReference; lastKnownFileType = wrapper.framework; name = CryptoKit.framework; path = System/Library/Frameworks/CryptoKit.framework; sourceTree = SDKROOT; };
		2097271C8AC9418CBD7EDFD3 /* WebKit.framework */ = {isa = PBXFileReference; lastKnownFileType = wrapper.framework; name = WebKit.framework; path = System/Library/Frameworks/WebKit.framework; sourceTree = SDKROOT; };
/* End PBXFileReference section */

/* Begin PBXFrameworksBuildPhase section */
		3D908BB99EE543F5AB1341E0 /* Frameworks */ = {
			isa = PBXFrameworksBuildPhase;
			buildActionMask = 2147483647;
			files = (
				72ED3CBBE81B41B3B6C61547 /* UIKit.framework in Frameworks */,
				09F7EAEBA36746D49EA8761F /* SwiftUI.framework in Frameworks */,
				5845CB6830794796AFC152BA /* UserNotifications.framework in Frameworks */,
				9A7A482F823A47B4839274AC /* AVFoundation.framework in Frameworks */,
				5BC1664215C54996ADC59F1F /* Vision.framework in Frameworks */,
				EC03AB1804D54B21AC901BA1 /* PhotosUI.framework in Frameworks */,
				F95F585A599C49F883EA498B /* CryptoKit.framework in Frameworks */,
				EA53390168CB49FF8FD73FA8 /* WebKit.framework in Frameworks */,
			);
			runOnlyForDeploymentPostprocessing = 0;
		};
/* End PBXFrameworksBuildPhase section */

/* Begin PBXGroup section */
		AAB574ED8F8A41258E4BB725 = {
			isa = PBXGroup;
			children = (
				A7D28FF796C6472D95AF7C31 /* App */,
				514E9382876C419E988C808C /* Frameworks */,
				86B865D51B2E43C3B5B36EED /* Products */,
			);
			sourceTree = "<group>";
		};
		A7D28FF796C6472D95AF7C31 /* App */ = {
			isa = PBXGroup;
			children = (
				10697EADB56F49D1A60BEE96 /* ZCodeMobileApp.swift */,
				F093F2E4257A47388EAD747F /* Theme */,
				0AACFBC089674857AE917E5B /* Session */,
				780F7F910B324146B92E2A7C /* UI */,
				F8886890B1484AB3BCC60874 /* Chat */,
				C8E1E004824742C0B2557977 /* Audio */,
				E88FB42EE9E149CBA9D54D69 /* Web */,
				D004B0ABB6EC409F88CD5FC7 /* Assets.xcassets */,
				FDA5466F348A4CD1AD44BDAA /* PrivacyInfo.xcprivacy */,
				196D67F324A24F4787337963 /* ZCodeMobile.entitlements */,
				F2D4D8A7F198412DB5E726D5 /* Info.plist */,
			);
			path = App;
			sourceTree = "<group>";
		};
		F093F2E4257A47388EAD747F /* Theme */ = {
			isa = PBXGroup;
			children = (
				DE4A619B33544FF0BC93BC87 /* Theme.swift */,
			);
			path = Theme;
			sourceTree = "<group>";
		};
		0AACFBC089674857AE917E5B /* Session */ = {
			isa = PBXGroup;
			children = (
				05B4326D084A4D428C3E6232 /* Models.swift */,
				0CCB5E7ECC1E4CF696867D3E /* AppSettings.swift */,
				EB88C726F05145BA87D006F8 /* AppState.swift */,
				0ADE5709CDE74B1C995C2D5E /* OfficialLink.swift */,
				D4022339E29F49768B343E57 /* OfficialRelay.swift */,
				37D17D7E78524B5993115AB6 /* VSCodeIPC.swift */,
				9592A07DB65C470B903AE3A0 /* RpcFrame.swift */,
				C4B60B80F3804106BA9AFC1A /* NotificationCenter.swift */,
			);
			path = Session;
			sourceTree = "<group>";
		};
		780F7F910B324146B92E2A7C /* UI */ = {
			isa = PBXGroup;
			children = (
				5723445CE0A941009C13E3FB /* RootView.swift */,
			);
			path = UI;
			sourceTree = "<group>";
		};
		F8886890B1484AB3BCC60874 /* Chat */ = {
			isa = PBXGroup;
			children = (
				2B954B7DF5F24A099FC0471F /* MarkdownRenderer.swift */,
				D39BADF9ECC44C9D97092145 /* ComposerView.swift */,
				862C11A890B7413192B047D0 /* InsertWebView.swift */,
				71888BA5EEAD4DB383A5FA4F /* ChatViewController.swift */,
				9C57D0EB78A94E319042CFBC /* QRScannerViewController.swift */,
			);
			path = Chat;
			sourceTree = "<group>";
		};
		C8E1E004824742C0B2557977 /* Audio */ = {
			isa = PBXGroup;
			children = (
				8D0B686110B44861A34A7C95 /* SilentAudio.swift */,
			);
			path = Audio;
			sourceTree = "<group>";
		};
		86B865D51B2E43C3B5B36EED /* Products */ = {
			isa = PBXGroup;
			children = (
				26C037091E7E447BA8B11BF5 /* ZCode.app */,
			);
			name = Products;
			sourceTree = "<group>";
		};
		514E9382876C419E988C808C /* Frameworks */ = {
			isa = PBXGroup;
			children = (
				449E65246C0B42258663E517 /* UIKit.framework */,
				59EE078AF06C401BB974C963 /* SwiftUI.framework */,
				81F496DFD5B14BA7A66D0C9F /* UserNotifications.framework */,
				54D3896ADF144109A6A1F7DB /* AVFoundation.framework */,
				D40C0A0EC754457284FB5F54 /* Vision.framework */,
				E0DC75627E824DADA0EA6DD3 /* PhotosUI.framework */,
				AAC0D9F1F3D9444C9E5C0B4A /* CryptoKit.framework */,
				2097271C8AC9418CBD7EDFD3 /* WebKit.framework */,
			);
			name = Frameworks;
			sourceTree = "<group>";
		};
/* End PBXGroup section */

/* Begin PBXNativeTarget section */
		2E752D93D7764B7F93696F13 /* ZCode */ = {
			isa = PBXNativeTarget;
			buildConfigurationList = 93C2DB3C4ED04ACBA1CEFAF8 /* Build configuration list for PBXNativeTarget "ZCode" */;
			buildPhases = (
				C765CF97A4FC43278B6B9331 /* Sources */,
				3D908BB99EE543F5AB1341E0 /* Frameworks */,
				A332A7EAC6F346679E61810E /* Resources */,
			);
			buildRules = (
			);
			dependencies = (
			);
			name = ZCode;
			productName = ZCode;
			productReference = 26C037091E7E447BA8B11BF5 /* ZCode.app */;
			productType = "com.apple.product-type.application";
		};
/* End PBXNativeTarget section */

/* Begin PBXProject section */
		ABDD5E500688426BA3E676DF /* Project object */ = {
			isa = PBXProject;
			attributes = {
				BuildIndependentTargetsInParallel = 1;
				LastSwiftUpdateCheck = 1600;
				LastUpgradeCheck = 1600;
				TargetAttributes = {
					2E752D93D7764B7F93696F13 = {
						CreatedOnToolsVersion = 16.0;
					};
				};
			};
			buildConfigurationList = 2E53DBAFA2C547D1AFC06D4A /* Build configuration list for PBXProject "ZCodeMobile" */;
			compatibilityVersion = "Xcode 14.0";
			developmentRegion = "zh-Hans";
			hasScannedForEncodings = 0;
			knownRegions = (
				en,
				Base,
				"zh-Hans",
			);
			mainGroup = AAB574ED8F8A41258E4BB725;
			productRefGroup = 86B865D51B2E43C3B5B36EED /* Products */;
			projectDirPath = "";
			projectRoot = "";
			targets = (
				2E752D93D7764B7F93696F13 /* ZCode */,
			);
		};
/* End PBXProject section */

/* Begin PBXResourcesBuildPhase section */
		A332A7EAC6F346679E61810E /* Resources */ = {
			isa = PBXResourcesBuildPhase;
			buildActionMask = 2147483647;
			files = (
				D4BCDE9F99AF41F09119B7F0 /* Assets.xcassets in Resources */,
				619EAA334C1C4D3DA28B8B27 /* PrivacyInfo.xcprivacy in Resources */,
			);
			runOnlyForDeploymentPostprocessing = 0;
		};
/* End PBXResourcesBuildPhase section */

/* Begin PBXSourcesBuildPhase section */
		C765CF97A4FC43278B6B9331 /* Sources */ = {
			isa = PBXSourcesBuildPhase;
			buildActionMask = 2147483647;
			files = (
				D35DF701E7A64A3A8A5A4EA9 /* ZCodeMobileApp.swift in Sources */,
				ADB597E64644440D8D51A9E0 /* Theme.swift in Sources */,
				83BBFB3D29B44100BC319B37 /* Models.swift in Sources */,
				83A4DA4EE21240FC8F834031 /* AppSettings.swift in Sources */,
				A20A2518C46144B294F42FE5 /* AppState.swift in Sources */,
				746DE1F2AEF14C5FB53179AD /* OfficialLink.swift in Sources */,
				05E59412937D476B82764631 /* OfficialRelay.swift in Sources */,
				4250DC569EC04FBD80E6E78B /* VSCodeIPC.swift in Sources */,
				975C1FE800BC4D39BE76D0D7 /* RpcFrame.swift in Sources */,
				735590153F5C41BA98707526 /* NotificationCenter.swift in Sources */,
				88027720DC1B4069A21E7D88 /* RootView.swift in Sources */,
				F92B9F2639B145F6B99FAA6B /* MarkdownRenderer.swift in Sources */,
				2B4D831DED4B4246A80963ED /* ComposerView.swift in Sources */,
				A32CFA2276D843A7A3781317 /* InsertWebView.swift in Sources */,
				C47F848258374DDCBBCC1BE5 /* ChatViewController.swift in Sources */,
				9B36C48FD0FD4899B6D9DA92 /* QRScannerViewController.swift in Sources */,
				AD7C8BF98F344EF28C28B25B /* SilentAudio.swift in Sources */,
			);
			runOnlyForDeploymentPostprocessing = 0;
		};
/* End PBXSourcesBuildPhase section */

/* Begin XCBuildConfiguration section */
		662B70676B304C78BC3ABA34 /* Debug */ = {
			isa = XCBuildConfiguration;
			buildSettings = {
				ALWAYS_SEARCH_USER_PATHS = NO;
				CLANG_ENABLE_MODULES = YES;
				CLANG_ENABLE_OBJC_ARC = YES;
				COPY_PHASE_STRIP = NO;
				ENABLE_STRICT_OBJC_MSGSEND = YES;
				GCC_NO_COMMON_BLOCKS = YES;
				IPHONEOS_DEPLOYMENT_TARGET = 16.0;
				SDKROOT = iphoneos;
				SWIFT_VERSION = 5.0;
				DEBUG_INFORMATION_FORMAT = dwarf;
				ENABLE_TESTABILITY = YES;
				GCC_DYNAMIC_NO_PIC = NO;
				GCC_OPTIMIZATION_LEVEL = 0;
				MTL_ENABLE_DEBUG_INFO = INCLUDE_SOURCE;
				ONLY_ACTIVE_ARCH = YES;
				SWIFT_ACTIVE_COMPILATION_CONDITIONS = DEBUG;
				SWIFT_OPTIMIZATION_LEVEL = "-Onone";
			};
			name = Debug;
		};
		16D4075749E64703B58C87F2 /* Release */ = {
			isa = XCBuildConfiguration;
			buildSettings = {
				ALWAYS_SEARCH_USER_PATHS = NO;
				CLANG_ENABLE_MODULES = YES;
				CLANG_ENABLE_OBJC_ARC = YES;
				COPY_PHASE_STRIP = NO;
				ENABLE_STRICT_OBJC_MSGSEND = YES;
				GCC_NO_COMMON_BLOCKS = YES;
				IPHONEOS_DEPLOYMENT_TARGET = 16.0;
				SDKROOT = iphoneos;
				SWIFT_VERSION = 5.0;
				DEBUG_INFORMATION_FORMAT = "dwarf-with-dsym";
				ENABLE_NS_ASSERTIONS = NO;
				MTL_ENABLE_DEBUG_INFO = NO;
				SWIFT_COMPILATION_MODE = wholemodule;
				SWIFT_OPTIMIZATION_LEVEL = "-O";
				VALIDATE_PRODUCT = YES;
			};
			name = Release;
		};
		CE9230127343414DA39E2780 /* Debug */ = {
			isa = XCBuildConfiguration;
			buildSettings = {
				ASSETCATALOG_COMPILER_APPICON_NAME = AppIcon;
				ASSETCATALOG_COMPILER_GLOBAL_ACCENT_COLOR_NAME = AccentColor;
				CODE_SIGN_ENTITLEMENTS = App/ZCodeMobile.entitlements;
				CODE_SIGNING_ALLOWED = NO;
				CODE_SIGNING_REQUIRED = NO;
				CODE_SIGN_IDENTITY = "";
				CODE_SIGN_STYLE = Manual;
				CURRENT_PROJECT_VERSION = 1;
				DEVELOPMENT_TEAM = "";
				GENERATE_INFOPLIST_FILE = NO;
				INFOPLIST_FILE = App/Info.plist;
				LD_RUNPATH_SEARCH_PATHS = "$(inherited) @executable_path/Frameworks";
				MARKETING_VERSION = 1.0.0;
				PRODUCT_BUNDLE_IDENTIFIER = dev.zcode.mobile;
				PRODUCT_NAME = ZCode;
				SUPPORTS_MACCATALYST = NO;
				SWIFT_EMIT_LOC_STRINGS = YES;
				TARGETED_DEVICE_FAMILY = "1,2";
			};
			name = Debug;
		};
		FBC15B15C6834CF5804FB4FE /* Release */ = {
			isa = XCBuildConfiguration;
			buildSettings = {
				ASSETCATALOG_COMPILER_APPICON_NAME = AppIcon;
				ASSETCATALOG_COMPILER_GLOBAL_ACCENT_COLOR_NAME = AccentColor;
				CODE_SIGN_ENTITLEMENTS = App/ZCodeMobile.entitlements;
				CODE_SIGNING_ALLOWED = NO;
				CODE_SIGNING_REQUIRED = NO;
				CODE_SIGN_IDENTITY = "";
				CODE_SIGN_STYLE = Manual;
				CURRENT_PROJECT_VERSION = 1;
				DEVELOPMENT_TEAM = "";
				GENERATE_INFOPLIST_FILE = NO;
				INFOPLIST_FILE = App/Info.plist;
				LD_RUNPATH_SEARCH_PATHS = "$(inherited) @executable_path/Frameworks";
				MARKETING_VERSION = 1.0.0;
				PRODUCT_BUNDLE_IDENTIFIER = dev.zcode.mobile;
				PRODUCT_NAME = ZCode;
				SUPPORTS_MACCATALYST = NO;
				SWIFT_EMIT_LOC_STRINGS = YES;
				TARGETED_DEVICE_FAMILY = "1,2";
			};
			name = Release;
		};
/* End XCBuildConfiguration section */

/* Begin XCConfigurationList section */
		2E53DBAFA2C547D1AFC06D4A /* Build configuration list for PBXProject "ZCodeMobile" */ = {
			isa = XCConfigurationList;
			buildConfigurations = (
				662B70676B304C78BC3ABA34 /* Debug */,
				16D4075749E64703B58C87F2 /* Release */,
			);
			defaultConfigurationIsVisible = 0;
			defaultConfigurationName = Release;
		};
		93C2DB3C4ED04ACBA1CEFAF8 /* Build configuration list for PBXNativeTarget "ZCode" */ = {
			isa = XCConfigurationList;
			buildConfigurations = (
				CE9230127343414DA39E2780 /* Debug */,
				FBC15B15C6834CF5804FB4FE /* Release */,
			);
			defaultConfigurationIsVisible = 0;
			defaultConfigurationName = Release;
		};
/* End XCConfigurationList section */
	};
	rootObject = ABDD5E500688426BA3E676DF /* Project object */;
}
