// !$*UTF8*$!
{
	archiveVersion = 1;
	classes = {
	};
	objectVersion = 56;
	objects = {

/* Begin PBXBuildFile section */
		D153399DE01A49CBB62E7EE1 /* ZCodeMobileApp.swift in Sources */ = {isa = PBXBuildFile; fileRef = A9178EDEF862437EB6147D62 /* ZCodeMobileApp.swift */; };
		BCAEAC073371459B884DA598 /* Models.swift in Sources */ = {isa = PBXBuildFile; fileRef = E6AFD667923845B5A10DE194 /* Models.swift */; };
		8FEB075C35B5413A96069290 /* AppSettings.swift in Sources */ = {isa = PBXBuildFile; fileRef = CB76EE02196E44AC92CE9AC3 /* AppSettings.swift */; };
		7ADE49C5FEAF477CB99823DA /* OfficialLink.swift in Sources */ = {isa = PBXBuildFile; fileRef = B43896571A3F4119BF3CC56E /* OfficialLink.swift */; };
		ABF3F5A78FA24E86A114E5A7 /* OfficialRelay.swift in Sources */ = {isa = PBXBuildFile; fileRef = 6CE302CCE2ED461590AFCBD5 /* OfficialRelay.swift */; };
		B95401B218A6450BA36909C3 /* VSCodeIPC.swift in Sources */ = {isa = PBXBuildFile; fileRef = 49EE1D37B7244552A78601DB /* VSCodeIPC.swift */; };
		5D2A3B72535143DABC0CFDC9 /* RpcFrame.swift in Sources */ = {isa = PBXBuildFile; fileRef = 48DDA69DE4C24C18AB99ED92 /* RpcFrame.swift */; };
		B04591E7C67C4AA3AD1EE29A /* MonitorController.swift in Sources */ = {isa = PBXBuildFile; fileRef = D524AA553F2848A3BFE989CF /* MonitorController.swift */; };
		A32CED2FAF364030ABECF60B /* NotificationCenter.swift in Sources */ = {isa = PBXBuildFile; fileRef = B65379FCBD8E438D8E2CECA2 /* NotificationCenter.swift */; };
		F7CA9DB3F37E4C4CA8246FB0 /* RootView.swift in Sources */ = {isa = PBXBuildFile; fileRef = AD33D8C3D9D14A2398D4B5C6 /* RootView.swift */; };
		08A422AB129048D19C4CEA05 /* RemoteWebView.swift in Sources */ = {isa = PBXBuildFile; fileRef = FDDBC2873A8B4DE38919EE46 /* RemoteWebView.swift */; };
		D84C0C01D143485FA34E3F4B /* QRScannerViewController.swift in Sources */ = {isa = PBXBuildFile; fileRef = C0BB74CBF6A1477188697FD0 /* QRScannerViewController.swift */; };
		E1477FA61B844F00BA36B42F /* SilentAudio.swift in Sources */ = {isa = PBXBuildFile; fileRef = FB4A26A365EA4161A5847A11 /* SilentAudio.swift */; };
		4DAAD9064BC146F4801BD75C /* Assets.xcassets in Resources */ = {isa = PBXBuildFile; fileRef = 04A8DAF7FBC24725980ACC5C /* Assets.xcassets */; };
		ED25BB74D4474522B2BF59A1 /* PrivacyInfo.xcprivacy in Resources */ = {isa = PBXBuildFile; fileRef = 197A58010C8045BFB24B5D75 /* PrivacyInfo.xcprivacy */; };
		641B7456333E451483219D97 /* UIKit.framework in Frameworks */ = {isa = PBXBuildFile; fileRef = 2DB0BD966DA94950B3431FEE /* UIKit.framework */; };
		769FE0F526D045CD8C5AE025 /* SwiftUI.framework in Frameworks */ = {isa = PBXBuildFile; fileRef = 399EC45FBCCE40CABB7C6562 /* SwiftUI.framework */; };
		7CCF0C090DB7497A97F014C5 /* UserNotifications.framework in Frameworks */ = {isa = PBXBuildFile; fileRef = 490F1F3035CB46338F633FE5 /* UserNotifications.framework */; };
		DE9001F0EA974DAA8E4EE8FA /* AVFoundation.framework in Frameworks */ = {isa = PBXBuildFile; fileRef = D7441C81B4914CF9AB33FCEC /* AVFoundation.framework */; };
		31DA4B6361604E1FA922C5F5 /* Vision.framework in Frameworks */ = {isa = PBXBuildFile; fileRef = 58F4874250AF4F738384D2C8 /* Vision.framework */; };
		E550F91C039B4DB48DD03F43 /* PhotosUI.framework in Frameworks */ = {isa = PBXBuildFile; fileRef = 6FCB0281D4724BFC9C108620 /* PhotosUI.framework */; };
		E4C88423132A4B5F88500E19 /* CryptoKit.framework in Frameworks */ = {isa = PBXBuildFile; fileRef = C81A26BB48F540339B77179F /* CryptoKit.framework */; };
		BCC58B32ED9547ED987E129C /* WebKit.framework in Frameworks */ = {isa = PBXBuildFile; fileRef = C070070443C4497390F7549F /* WebKit.framework */; };
/* End PBXBuildFile section */

/* Begin PBXFileReference section */
		E5586A0B9A4F4CBBA80CC2E6 /* ZCode.app */ = {isa = PBXFileReference; explicitFileType = wrapper.application; includeInIndex = 0; path = ZCode.app; sourceTree = BUILT_PRODUCTS_DIR; };
		04A8DAF7FBC24725980ACC5C /* Assets.xcassets */ = {isa = PBXFileReference; lastKnownFileType = folder.assetcatalog; path = Assets.xcassets; sourceTree = "<group>"; };
		197A58010C8045BFB24B5D75 /* PrivacyInfo.xcprivacy */ = {isa = PBXFileReference; lastKnownFileType = text.xml; path = PrivacyInfo.xcprivacy; sourceTree = "<group>"; };
		540D8DC9DD644472A4B2B7B2 /* ZCodeMobile.entitlements */ = {isa = PBXFileReference; lastKnownFileType = text.plist.entitlements; path = ZCodeMobile.entitlements; sourceTree = "<group>"; };
		D5B5ED6594504E5FBF290503 /* Info.plist */ = {isa = PBXFileReference; lastKnownFileType = text.plist.xml; path = Info.plist; sourceTree = "<group>"; };
		A9178EDEF862437EB6147D62 /* ZCodeMobileApp.swift */ = {isa = PBXFileReference; lastKnownFileType = sourcecode.swift; path = ZCodeMobileApp.swift; sourceTree = "<group>"; };
		E6AFD667923845B5A10DE194 /* Models.swift */ = {isa = PBXFileReference; lastKnownFileType = sourcecode.swift; path = Models.swift; sourceTree = "<group>"; };
		CB76EE02196E44AC92CE9AC3 /* AppSettings.swift */ = {isa = PBXFileReference; lastKnownFileType = sourcecode.swift; path = AppSettings.swift; sourceTree = "<group>"; };
		B43896571A3F4119BF3CC56E /* OfficialLink.swift */ = {isa = PBXFileReference; lastKnownFileType = sourcecode.swift; path = OfficialLink.swift; sourceTree = "<group>"; };
		6CE302CCE2ED461590AFCBD5 /* OfficialRelay.swift */ = {isa = PBXFileReference; lastKnownFileType = sourcecode.swift; path = OfficialRelay.swift; sourceTree = "<group>"; };
		49EE1D37B7244552A78601DB /* VSCodeIPC.swift */ = {isa = PBXFileReference; lastKnownFileType = sourcecode.swift; path = VSCodeIPC.swift; sourceTree = "<group>"; };
		48DDA69DE4C24C18AB99ED92 /* RpcFrame.swift */ = {isa = PBXFileReference; lastKnownFileType = sourcecode.swift; path = RpcFrame.swift; sourceTree = "<group>"; };
		D524AA553F2848A3BFE989CF /* MonitorController.swift */ = {isa = PBXFileReference; lastKnownFileType = sourcecode.swift; path = MonitorController.swift; sourceTree = "<group>"; };
		B65379FCBD8E438D8E2CECA2 /* NotificationCenter.swift */ = {isa = PBXFileReference; lastKnownFileType = sourcecode.swift; path = NotificationCenter.swift; sourceTree = "<group>"; };
		AD33D8C3D9D14A2398D4B5C6 /* RootView.swift */ = {isa = PBXFileReference; lastKnownFileType = sourcecode.swift; path = RootView.swift; sourceTree = "<group>"; };
		FDDBC2873A8B4DE38919EE46 /* RemoteWebView.swift */ = {isa = PBXFileReference; lastKnownFileType = sourcecode.swift; path = RemoteWebView.swift; sourceTree = "<group>"; };
		C0BB74CBF6A1477188697FD0 /* QRScannerViewController.swift */ = {isa = PBXFileReference; lastKnownFileType = sourcecode.swift; path = QRScannerViewController.swift; sourceTree = "<group>"; };
		FB4A26A365EA4161A5847A11 /* SilentAudio.swift */ = {isa = PBXFileReference; lastKnownFileType = sourcecode.swift; path = SilentAudio.swift; sourceTree = "<group>"; };
		2DB0BD966DA94950B3431FEE /* UIKit.framework */ = {isa = PBXFileReference; lastKnownFileType = wrapper.framework; name = UIKit.framework; path = System/Library/Frameworks/UIKit.framework; sourceTree = SDKROOT; };
		399EC45FBCCE40CABB7C6562 /* SwiftUI.framework */ = {isa = PBXFileReference; lastKnownFileType = wrapper.framework; name = SwiftUI.framework; path = System/Library/Frameworks/SwiftUI.framework; sourceTree = SDKROOT; };
		490F1F3035CB46338F633FE5 /* UserNotifications.framework */ = {isa = PBXFileReference; lastKnownFileType = wrapper.framework; name = UserNotifications.framework; path = System/Library/Frameworks/UserNotifications.framework; sourceTree = SDKROOT; };
		D7441C81B4914CF9AB33FCEC /* AVFoundation.framework */ = {isa = PBXFileReference; lastKnownFileType = wrapper.framework; name = AVFoundation.framework; path = System/Library/Frameworks/AVFoundation.framework; sourceTree = SDKROOT; };
		58F4874250AF4F738384D2C8 /* Vision.framework */ = {isa = PBXFileReference; lastKnownFileType = wrapper.framework; name = Vision.framework; path = System/Library/Frameworks/Vision.framework; sourceTree = SDKROOT; };
		6FCB0281D4724BFC9C108620 /* PhotosUI.framework */ = {isa = PBXFileReference; lastKnownFileType = wrapper.framework; name = PhotosUI.framework; path = System/Library/Frameworks/PhotosUI.framework; sourceTree = SDKROOT; };
		C81A26BB48F540339B77179F /* CryptoKit.framework */ = {isa = PBXFileReference; lastKnownFileType = wrapper.framework; name = CryptoKit.framework; path = System/Library/Frameworks/CryptoKit.framework; sourceTree = SDKROOT; };
		C070070443C4497390F7549F /* WebKit.framework */ = {isa = PBXFileReference; lastKnownFileType = wrapper.framework; name = WebKit.framework; path = System/Library/Frameworks/WebKit.framework; sourceTree = SDKROOT; };
/* End PBXFileReference section */

/* Begin PBXFrameworksBuildPhase section */
		AD271CCA217345F5A0618C06 /* Frameworks */ = {
			isa = PBXFrameworksBuildPhase;
			buildActionMask = 2147483647;
			files = (
				641B7456333E451483219D97 /* UIKit.framework in Frameworks */,
				769FE0F526D045CD8C5AE025 /* SwiftUI.framework in Frameworks */,
				7CCF0C090DB7497A97F014C5 /* UserNotifications.framework in Frameworks */,
				DE9001F0EA974DAA8E4EE8FA /* AVFoundation.framework in Frameworks */,
				31DA4B6361604E1FA922C5F5 /* Vision.framework in Frameworks */,
				E550F91C039B4DB48DD03F43 /* PhotosUI.framework in Frameworks */,
				E4C88423132A4B5F88500E19 /* CryptoKit.framework in Frameworks */,
				BCC58B32ED9547ED987E129C /* WebKit.framework in Frameworks */,
			);
			runOnlyForDeploymentPostprocessing = 0;
		};
/* End PBXFrameworksBuildPhase section */

/* Begin PBXGroup section */
		4CF249D906D84A50A1B9FFD3 = {
			isa = PBXGroup;
			children = (
				1BC918C5C6184CBB8953EC53 /* App */,
				2A9DF33DA616433B82CAE8A7 /* Frameworks */,
				59B227EE99BA4451B4E1EBD7 /* Products */,
			);
			sourceTree = "<group>";
		};
		1BC918C5C6184CBB8953EC53 /* App */ = {
			isa = PBXGroup;
			children = (
				A9178EDEF862437EB6147D62 /* ZCodeMobileApp.swift */,
				D372265A4F2D4BCB82B95C6D /* Theme */,
				A642443849F744A48D777D6B /* Session */,
				0D3ABD4709C840068D069D51 /* UI */,
				984EAC6CDF92468DB35EED90 /* Chat */,
				D691FBD13F9F48D2B3787FE3 /* Audio */,
				C2A98536D9114E0F8BD53932 /* Web */,
				04A8DAF7FBC24725980ACC5C /* Assets.xcassets */,
				197A58010C8045BFB24B5D75 /* PrivacyInfo.xcprivacy */,
				540D8DC9DD644472A4B2B7B2 /* ZCodeMobile.entitlements */,
				D5B5ED6594504E5FBF290503 /* Info.plist */,
			);
			path = App;
			sourceTree = "<group>";
		};
		D372265A4F2D4BCB82B95C6D /* Theme */ = {
			isa = PBXGroup;
			children = (
			);
			path = Theme;
			sourceTree = "<group>";
		};
		A642443849F744A48D777D6B /* Session */ = {
			isa = PBXGroup;
			children = (
				E6AFD667923845B5A10DE194 /* Models.swift */,
				CB76EE02196E44AC92CE9AC3 /* AppSettings.swift */,
				B43896571A3F4119BF3CC56E /* OfficialLink.swift */,
				6CE302CCE2ED461590AFCBD5 /* OfficialRelay.swift */,
				49EE1D37B7244552A78601DB /* VSCodeIPC.swift */,
				48DDA69DE4C24C18AB99ED92 /* RpcFrame.swift */,
				D524AA553F2848A3BFE989CF /* MonitorController.swift */,
				B65379FCBD8E438D8E2CECA2 /* NotificationCenter.swift */,
			);
			path = Session;
			sourceTree = "<group>";
		};
		0D3ABD4709C840068D069D51 /* UI */ = {
			isa = PBXGroup;
			children = (
				AD33D8C3D9D14A2398D4B5C6 /* RootView.swift */,
			);
			path = UI;
			sourceTree = "<group>";
		};
		984EAC6CDF92468DB35EED90 /* Chat */ = {
			isa = PBXGroup;
			children = (
				C0BB74CBF6A1477188697FD0 /* QRScannerViewController.swift */,
			);
			path = Chat;
			sourceTree = "<group>";
		};
		D691FBD13F9F48D2B3787FE3 /* Audio */ = {
			isa = PBXGroup;
			children = (
				FB4A26A365EA4161A5847A11 /* SilentAudio.swift */,
			);
			path = Audio;
			sourceTree = "<group>";
		};
		C2A98536D9114E0F8BD53932 /* Web */ = {
			isa = PBXGroup;
			children = (
				FDDBC2873A8B4DE38919EE46 /* RemoteWebView.swift */,
			);
			path = Web;
			sourceTree = "<group>";
		};
		59B227EE99BA4451B4E1EBD7 /* Products */ = {
			isa = PBXGroup;
			children = (
				E5586A0B9A4F4CBBA80CC2E6 /* ZCode.app */,
			);
			name = Products;
			sourceTree = "<group>";
		};
		2A9DF33DA616433B82CAE8A7 /* Frameworks */ = {
			isa = PBXGroup;
			children = (
				2DB0BD966DA94950B3431FEE /* UIKit.framework */,
				399EC45FBCCE40CABB7C6562 /* SwiftUI.framework */,
				490F1F3035CB46338F633FE5 /* UserNotifications.framework */,
				D7441C81B4914CF9AB33FCEC /* AVFoundation.framework */,
				58F4874250AF4F738384D2C8 /* Vision.framework */,
				6FCB0281D4724BFC9C108620 /* PhotosUI.framework */,
				C81A26BB48F540339B77179F /* CryptoKit.framework */,
				C070070443C4497390F7549F /* WebKit.framework */,
			);
			name = Frameworks;
			sourceTree = "<group>";
		};
/* End PBXGroup section */

/* Begin PBXNativeTarget section */
		B030D525EE644A80BDC4803C /* ZCode */ = {
			isa = PBXNativeTarget;
			buildConfigurationList = 3FE6BAB8D30A45D9AECE34BE /* Build configuration list for PBXNativeTarget "ZCode" */;
			buildPhases = (
				EDF3B92FA000460D8EAAD8F4 /* Sources */,
				AD271CCA217345F5A0618C06 /* Frameworks */,
				56CF8A7041714436A1D164C2 /* Resources */,
			);
			buildRules = (
			);
			dependencies = (
			);
			name = ZCode;
			productName = ZCode;
			productReference = E5586A0B9A4F4CBBA80CC2E6 /* ZCode.app */;
			productType = "com.apple.product-type.application";
		};
/* End PBXNativeTarget section */

/* Begin PBXProject section */
		E18F1EACE1FF43C0A1ECAC86 /* Project object */ = {
			isa = PBXProject;
			attributes = {
				BuildIndependentTargetsInParallel = 1;
				LastSwiftUpdateCheck = 1600;
				LastUpgradeCheck = 1600;
				TargetAttributes = {
					B030D525EE644A80BDC4803C = {
						CreatedOnToolsVersion = 16.0;
					};
				};
			};
			buildConfigurationList = 8C411216AB00478FBF21D219 /* Build configuration list for PBXProject "ZCodeMobile" */;
			compatibilityVersion = "Xcode 14.0";
			developmentRegion = "zh-Hans";
			hasScannedForEncodings = 0;
			knownRegions = (
				en,
				Base,
				"zh-Hans",
			);
			mainGroup = 4CF249D906D84A50A1B9FFD3;
			productRefGroup = 59B227EE99BA4451B4E1EBD7 /* Products */;
			projectDirPath = "";
			projectRoot = "";
			targets = (
				B030D525EE644A80BDC4803C /* ZCode */,
			);
		};
/* End PBXProject section */

/* Begin PBXResourcesBuildPhase section */
		56CF8A7041714436A1D164C2 /* Resources */ = {
			isa = PBXResourcesBuildPhase;
			buildActionMask = 2147483647;
			files = (
				4DAAD9064BC146F4801BD75C /* Assets.xcassets in Resources */,
				ED25BB74D4474522B2BF59A1 /* PrivacyInfo.xcprivacy in Resources */,
			);
			runOnlyForDeploymentPostprocessing = 0;
		};
/* End PBXResourcesBuildPhase section */

/* Begin PBXSourcesBuildPhase section */
		EDF3B92FA000460D8EAAD8F4 /* Sources */ = {
			isa = PBXSourcesBuildPhase;
			buildActionMask = 2147483647;
			files = (
				D153399DE01A49CBB62E7EE1 /* ZCodeMobileApp.swift in Sources */,
				BCAEAC073371459B884DA598 /* Models.swift in Sources */,
				8FEB075C35B5413A96069290 /* AppSettings.swift in Sources */,
				7ADE49C5FEAF477CB99823DA /* OfficialLink.swift in Sources */,
				ABF3F5A78FA24E86A114E5A7 /* OfficialRelay.swift in Sources */,
				B95401B218A6450BA36909C3 /* VSCodeIPC.swift in Sources */,
				5D2A3B72535143DABC0CFDC9 /* RpcFrame.swift in Sources */,
				B04591E7C67C4AA3AD1EE29A /* MonitorController.swift in Sources */,
				A32CED2FAF364030ABECF60B /* NotificationCenter.swift in Sources */,
				F7CA9DB3F37E4C4CA8246FB0 /* RootView.swift in Sources */,
				08A422AB129048D19C4CEA05 /* RemoteWebView.swift in Sources */,
				D84C0C01D143485FA34E3F4B /* QRScannerViewController.swift in Sources */,
				E1477FA61B844F00BA36B42F /* SilentAudio.swift in Sources */,
			);
			runOnlyForDeploymentPostprocessing = 0;
		};
/* End PBXSourcesBuildPhase section */

/* Begin XCBuildConfiguration section */
		C55195EFD89549798BBE002C /* Debug */ = {
			isa = XCBuildConfiguration;
			buildSettings = {
				ALWAYS_SEARCH_USER_PATHS = NO;
				CLANG_ENABLE_MODULES = YES;
				CLANG_ENABLE_OBJC_ARC = YES;
				COPY_PHASE_STRIP = NO;
				ENABLE_STRICT_OBJC_MSGSEND = YES;
				GCC_NO_COMMON_BLOCKS = YES;
				IPHONEOS_DEPLOYMENT_TARGET = 16.0;
				SDKROOT = iphoneos;
				SWIFT_VERSION = 5.0;
				DEBUG_INFORMATION_FORMAT = dwarf;
				ENABLE_TESTABILITY = YES;
				GCC_DYNAMIC_NO_PIC = NO;
				GCC_OPTIMIZATION_LEVEL = 0;
				MTL_ENABLE_DEBUG_INFO = INCLUDE_SOURCE;
				ONLY_ACTIVE_ARCH = YES;
				SWIFT_ACTIVE_COMPILATION_CONDITIONS = DEBUG;
				SWIFT_OPTIMIZATION_LEVEL = "-Onone";
			};
			name = Debug;
		};
		4840F2F469EF45408A5A03A6 /* Release */ = {
			isa = XCBuildConfiguration;
			buildSettings = {
				ALWAYS_SEARCH_USER_PATHS = NO;
				CLANG_ENABLE_MODULES = YES;
				CLANG_ENABLE_OBJC_ARC = YES;
				COPY_PHASE_STRIP = NO;
				ENABLE_STRICT_OBJC_MSGSEND = YES;
				GCC_NO_COMMON_BLOCKS = YES;
				IPHONEOS_DEPLOYMENT_TARGET = 16.0;
				SDKROOT = iphoneos;
				SWIFT_VERSION = 5.0;
				DEBUG_INFORMATION_FORMAT = "dwarf-with-dsym";
				ENABLE_NS_ASSERTIONS = NO;
				MTL_ENABLE_DEBUG_INFO = NO;
				SWIFT_COMPILATION_MODE = wholemodule;
				SWIFT_OPTIMIZATION_LEVEL = "-O";
				VALIDATE_PRODUCT = YES;
			};
			name = Release;
		};
		D89A0C0BB06E466F82C0B45D /* Debug */ = {
			isa = XCBuildConfiguration;
			buildSettings = {
				ASSETCATALOG_COMPILER_APPICON_NAME = AppIcon;
				ASSETCATALOG_COMPILER_GLOBAL_ACCENT_COLOR_NAME = AccentColor;
				CODE_SIGN_ENTITLEMENTS = App/ZCodeMobile.entitlements;
				CODE_SIGNING_ALLOWED = NO;
				CODE_SIGNING_REQUIRED = NO;
				CODE_SIGN_IDENTITY = "";
				CODE_SIGN_STYLE = Manual;
				CURRENT_PROJECT_VERSION = 1;
				DEVELOPMENT_TEAM = "";
				GENERATE_INFOPLIST_FILE = NO;
				INFOPLIST_FILE = App/Info.plist;
				LD_RUNPATH_SEARCH_PATHS = "$(inherited) @executable_path/Frameworks";
				MARKETING_VERSION = 1.0.0;
				PRODUCT_BUNDLE_IDENTIFIER = dev.zcode.mobile;
				PRODUCT_NAME = ZCode;
				SUPPORTS_MACCATALYST = NO;
				SWIFT_EMIT_LOC_STRINGS = YES;
				TARGETED_DEVICE_FAMILY = "1,2";
			};
			name = Debug;
		};
		D942C513BDC64AC9976E6CD6 /* Release */ = {
			isa = XCBuildConfiguration;
			buildSettings = {
				ASSETCATALOG_COMPILER_APPICON_NAME = AppIcon;
				ASSETCATALOG_COMPILER_GLOBAL_ACCENT_COLOR_NAME = AccentColor;
				CODE_SIGN_ENTITLEMENTS = App/ZCodeMobile.entitlements;
				CODE_SIGNING_ALLOWED = NO;
				CODE_SIGNING_REQUIRED = NO;
				CODE_SIGN_IDENTITY = "";
				CODE_SIGN_STYLE = Manual;
				CURRENT_PROJECT_VERSION = 1;
				DEVELOPMENT_TEAM = "";
				GENERATE_INFOPLIST_FILE = NO;
				INFOPLIST_FILE = App/Info.plist;
				LD_RUNPATH_SEARCH_PATHS = "$(inherited) @executable_path/Frameworks";
				MARKETING_VERSION = 1.0.0;
				PRODUCT_BUNDLE_IDENTIFIER = dev.zcode.mobile;
				PRODUCT_NAME = ZCode;
				SUPPORTS_MACCATALYST = NO;
				SWIFT_EMIT_LOC_STRINGS = YES;
				TARGETED_DEVICE_FAMILY = "1,2";
			};
			name = Release;
		};
/* End XCBuildConfiguration section */

/* Begin XCConfigurationList section */
		8C411216AB00478FBF21D219 /* Build configuration list for PBXProject "ZCodeMobile" */ = {
			isa = XCConfigurationList;
			buildConfigurations = (
				C55195EFD89549798BBE002C /* Debug */,
				4840F2F469EF45408A5A03A6 /* Release */,
			);
			defaultConfigurationIsVisible = 0;
			defaultConfigurationName = Release;
		};
		3FE6BAB8D30A45D9AECE34BE /* Build configuration list for PBXNativeTarget "ZCode" */ = {
			isa = XCConfigurationList;
			buildConfigurations = (
				D89A0C0BB06E466F82C0B45D /* Debug */,
				D942C513BDC64AC9976E6CD6 /* Release */,
			);
			defaultConfigurationIsVisible = 0;
			defaultConfigurationName = Release;
		};
/* End XCConfigurationList section */
	};
	rootObject = E18F1EACE1FF43C0A1ECAC86 /* Project object */;
}
