// !$*UTF8*$!
{
	archiveVersion = 1;
	classes = {
	};
	objectVersion = 56;
	objects = {

/* Begin PBXBuildFile section */
		E93BBD85D6564473BA51D15E /* ZCodeMobileApp.swift in Sources */ = {isa = PBXBuildFile; fileRef = 0219BAC62F8746B9A3F35667 /* ZCodeMobileApp.swift */; };
		9DECFA34EB214EB19DF332B0 /* Models.swift in Sources */ = {isa = PBXBuildFile; fileRef = 5CA0D11A0D184035A9E7A43E /* Models.swift */; };
		AF58199B4BBB4FABBE72B914 /* AppSettings.swift in Sources */ = {isa = PBXBuildFile; fileRef = F9C90C9A145D4E5BA9780FEB /* AppSettings.swift */; };
		3B923600ECEE42DC83473FC2 /* OfficialLink.swift in Sources */ = {isa = PBXBuildFile; fileRef = 6C6E680D16204F5C9DD291F6 /* OfficialLink.swift */; };
		CAEE05332D3A41D7A8213528 /* OfficialRelay.swift in Sources */ = {isa = PBXBuildFile; fileRef = 84A10F8FE123475FB342DB3F /* OfficialRelay.swift */; };
		EA2719A7AD4F4BC7A4A685C2 /* VSCodeIPC.swift in Sources */ = {isa = PBXBuildFile; fileRef = 8CF9F440530949A7B36542D8 /* VSCodeIPC.swift */; };
		644BE978927C4458A5AD2972 /* RpcFrame.swift in Sources */ = {isa = PBXBuildFile; fileRef = 0A6E89511A3F4F8FACE18730 /* RpcFrame.swift */; };
		3F4B991935B84ADC8BDE9E8F /* MonitorController.swift in Sources */ = {isa = PBXBuildFile; fileRef = FA2D9BDA320A42CBB164005F /* MonitorController.swift */; };
		3711A4AADCED45BA8D1494C9 /* NotificationCenter.swift in Sources */ = {isa = PBXBuildFile; fileRef = 600FB78B6FCD4CAC89C3692D /* NotificationCenter.swift */; };
		B189E11C820D44CCADFBAF43 /* RootView.swift in Sources */ = {isa = PBXBuildFile; fileRef = 8EC0455CA3E449139D20FC5A /* RootView.swift */; };
		8ED992F19EA4491BABD3B4A8 /* RemoteWebView.swift in Sources */ = {isa = PBXBuildFile; fileRef = EF8B0EA9C02E4E619DD98A8E /* RemoteWebView.swift */; };
		930DD12C94C8444B8D2380FD /* QRScannerViewController.swift in Sources */ = {isa = PBXBuildFile; fileRef = D827632181A34D3E8F01406C /* QRScannerViewController.swift */; };
		0BAA04C3121D4F5CAA241961 /* SilentAudio.swift in Sources */ = {isa = PBXBuildFile; fileRef = 5AA60B3039144EE79B2B0BC1 /* SilentAudio.swift */; };
		2094518D798D4A7A918BAE8F /* Assets.xcassets in Resources */ = {isa = PBXBuildFile; fileRef = FE118830B4D04BD9A607184E /* Assets.xcassets */; };
		F98338E5D9FF46E088C20C17 /* PrivacyInfo.xcprivacy in Resources */ = {isa = PBXBuildFile; fileRef = 3624CC21D14D4751938413AD /* PrivacyInfo.xcprivacy */; };
		E9C4C7C66F2949E89A314F27 /* UIKit.framework in Frameworks */ = {isa = PBXBuildFile; fileRef = C7D9C417709C49B383B0390C /* UIKit.framework */; };
		37BB65FC2AD74ABD99DBB6E5 /* SwiftUI.framework in Frameworks */ = {isa = PBXBuildFile; fileRef = 91F635963F5048CEABDFA1E4 /* SwiftUI.framework */; };
		6A5FE9FBD6304CE7893C281B /* UserNotifications.framework in Frameworks */ = {isa = PBXBuildFile; fileRef = CDD5180B9E6646C3A0238324 /* UserNotifications.framework */; };
		63A3B76D45474B868A39AD1C /* AVFoundation.framework in Frameworks */ = {isa = PBXBuildFile; fileRef = 613CDAAD94D5482BA0D73522 /* AVFoundation.framework */; };
		796B1D6C414A4D478B7CA026 /* Vision.framework in Frameworks */ = {isa = PBXBuildFile; fileRef = 6E97DA2FBBE240ACB4D9AED9 /* Vision.framework */; };
		30B0372AC65E446B910E627D /* PhotosUI.framework in Frameworks */ = {isa = PBXBuildFile; fileRef = 2432195DEE4C44328E997B1D /* PhotosUI.framework */; };
		8156BDEB3A5F434A94BACAFA /* CryptoKit.framework in Frameworks */ = {isa = PBXBuildFile; fileRef = EF87F9A983114927A1FBB99B /* CryptoKit.framework */; };
		AC30C2E3109A4A5A8613C27B /* WebKit.framework in Frameworks */ = {isa = PBXBuildFile; fileRef = D01FB5DFA7AF4E2D978AC2A6 /* WebKit.framework */; };
/* End PBXBuildFile section */

/* Begin PBXFileReference section */
		BD4D45446DD74E8BBBC7F241 /* ZCode.app */ = {isa = PBXFileReference; explicitFileType = wrapper.application; includeInIndex = 0; path = ZCode.app; sourceTree = BUILT_PRODUCTS_DIR; };
		FE118830B4D04BD9A607184E /* Assets.xcassets */ = {isa = PBXFileReference; lastKnownFileType = folder.assetcatalog; path = Assets.xcassets; sourceTree = "<group>"; };
		3624CC21D14D4751938413AD /* PrivacyInfo.xcprivacy */ = {isa = PBXFileReference; lastKnownFileType = text.xml; path = PrivacyInfo.xcprivacy; sourceTree = "<group>"; };
		99B654675463494AB6A7DF76 /* ZCodeMobile.entitlements */ = {isa = PBXFileReference; lastKnownFileType = text.plist.entitlements; path = ZCodeMobile.entitlements; sourceTree = "<group>"; };
		D4799C07BFD24C2B95B60FF3 /* Info.plist */ = {isa = PBXFileReference; lastKnownFileType = text.plist.xml; path = Info.plist; sourceTree = "<group>"; };
		0219BAC62F8746B9A3F35667 /* ZCodeMobileApp.swift */ = {isa = PBXFileReference; lastKnownFileType = sourcecode.swift; path = ZCodeMobileApp.swift; sourceTree = "<group>"; };
		5CA0D11A0D184035A9E7A43E /* Models.swift */ = {isa = PBXFileReference; lastKnownFileType = sourcecode.swift; path = Models.swift; sourceTree = "<group>"; };
		F9C90C9A145D4E5BA9780FEB /* AppSettings.swift */ = {isa = PBXFileReference; lastKnownFileType = sourcecode.swift; path = AppSettings.swift; sourceTree = "<group>"; };
		6C6E680D16204F5C9DD291F6 /* OfficialLink.swift */ = {isa = PBXFileReference; lastKnownFileType = sourcecode.swift; path = OfficialLink.swift; sourceTree = "<group>"; };
		84A10F8FE123475FB342DB3F /* OfficialRelay.swift */ = {isa = PBXFileReference; lastKnownFileType = sourcecode.swift; path = OfficialRelay.swift; sourceTree = "<group>"; };
		8CF9F440530949A7B36542D8 /* VSCodeIPC.swift */ = {isa = PBXFileReference; lastKnownFileType = sourcecode.swift; path = VSCodeIPC.swift; sourceTree = "<group>"; };
		0A6E89511A3F4F8FACE18730 /* RpcFrame.swift */ = {isa = PBXFileReference; lastKnownFileType = sourcecode.swift; path = RpcFrame.swift; sourceTree = "<group>"; };
		FA2D9BDA320A42CBB164005F /* MonitorController.swift */ = {isa = PBXFileReference; lastKnownFileType = sourcecode.swift; path = MonitorController.swift; sourceTree = "<group>"; };
		600FB78B6FCD4CAC89C3692D /* NotificationCenter.swift */ = {isa = PBXFileReference; lastKnownFileType = sourcecode.swift; path = NotificationCenter.swift; sourceTree = "<group>"; };
		8EC0455CA3E449139D20FC5A /* RootView.swift */ = {isa = PBXFileReference; lastKnownFileType = sourcecode.swift; path = RootView.swift; sourceTree = "<group>"; };
		EF8B0EA9C02E4E619DD98A8E /* RemoteWebView.swift */ = {isa = PBXFileReference; lastKnownFileType = sourcecode.swift; path = RemoteWebView.swift; sourceTree = "<group>"; };
		D827632181A34D3E8F01406C /* QRScannerViewController.swift */ = {isa = PBXFileReference; lastKnownFileType = sourcecode.swift; path = QRScannerViewController.swift; sourceTree = "<group>"; };
		5AA60B3039144EE79B2B0BC1 /* SilentAudio.swift */ = {isa = PBXFileReference; lastKnownFileType = sourcecode.swift; path = SilentAudio.swift; sourceTree = "<group>"; };
		C7D9C417709C49B383B0390C /* UIKit.framework */ = {isa = PBXFileReference; lastKnownFileType = wrapper.framework; name = UIKit.framework; path = System/Library/Frameworks/UIKit.framework; sourceTree = SDKROOT; };
		91F635963F5048CEABDFA1E4 /* SwiftUI.framework */ = {isa = PBXFileReference; lastKnownFileType = wrapper.framework; name = SwiftUI.framework; path = System/Library/Frameworks/SwiftUI.framework; sourceTree = SDKROOT; };
		CDD5180B9E6646C3A0238324 /* UserNotifications.framework */ = {isa = PBXFileReference; lastKnownFileType = wrapper.framework; name = UserNotifications.framework; path = System/Library/Frameworks/UserNotifications.framework; sourceTree = SDKROOT; };
		613CDAAD94D5482BA0D73522 /* AVFoundation.framework */ = {isa = PBXFileReference; lastKnownFileType = wrapper.framework; name = AVFoundation.framework; path = System/Library/Frameworks/AVFoundation.framework; sourceTree = SDKROOT; };
		6E97DA2FBBE240ACB4D9AED9 /* Vision.framework */ = {isa = PBXFileReference; lastKnownFileType = wrapper.framework; name = Vision.framework; path = System/Library/Frameworks/Vision.framework; sourceTree = SDKROOT; };
		2432195DEE4C44328E997B1D /* PhotosUI.framework */ = {isa = PBXFileReference; lastKnownFileType = wrapper.framework; name = PhotosUI.framework; path = System/Library/Frameworks/PhotosUI.framework; sourceTree = SDKROOT; };
		EF87F9A983114927A1FBB99B /* CryptoKit.framework */ = {isa = PBXFileReference; lastKnownFileType = wrapper.framework; name = CryptoKit.framework; path = System/Library/Frameworks/CryptoKit.framework; sourceTree = SDKROOT; };
		D01FB5DFA7AF4E2D978AC2A6 /* WebKit.framework */ = {isa = PBXFileReference; lastKnownFileType = wrapper.framework; name = WebKit.framework; path = System/Library/Frameworks/WebKit.framework; sourceTree = SDKROOT; };
/* End PBXFileReference section */

/* Begin PBXFrameworksBuildPhase section */
		3735CCD7E4FF4E23BE8B8098 /* Frameworks */ = {
			isa = PBXFrameworksBuildPhase;
			buildActionMask = 2147483647;
			files = (
				E9C4C7C66F2949E89A314F27 /* UIKit.framework in Frameworks */,
				37BB65FC2AD74ABD99DBB6E5 /* SwiftUI.framework in Frameworks */,
				6A5FE9FBD6304CE7893C281B /* UserNotifications.framework in Frameworks */,
				63A3B76D45474B868A39AD1C /* AVFoundation.framework in Frameworks */,
				796B1D6C414A4D478B7CA026 /* Vision.framework in Frameworks */,
				30B0372AC65E446B910E627D /* PhotosUI.framework in Frameworks */,
				8156BDEB3A5F434A94BACAFA /* CryptoKit.framework in Frameworks */,
				AC30C2E3109A4A5A8613C27B /* WebKit.framework in Frameworks */,
			);
			runOnlyForDeploymentPostprocessing = 0;
		};
/* End PBXFrameworksBuildPhase section */

/* Begin PBXGroup section */
		A3CBA38D1A5E49DC9E14C86D = {
			isa = PBXGroup;
			children = (
				73967ADE8F0F4F9799722BA8 /* App */,
				1C8E0C3CCFBD4EB68AE5DC69 /* Frameworks */,
				2FE404C761BC459CA7E65285 /* Products */,
			);
			sourceTree = "<group>";
		};
		73967ADE8F0F4F9799722BA8 /* App */ = {
			isa = PBXGroup;
			children = (
				0219BAC62F8746B9A3F35667 /* ZCodeMobileApp.swift */,
				0E9DF76D0A77415B9CBC3453 /* Theme */,
				9EC6565313F0400FB03230FE /* Session */,
				5B356A559BF84A9F952B59B9 /* UI */,
				9037A8F270D242B1A371CF2C /* Chat */,
				A361DA31A97D4E06835D94E7 /* Audio */,
				FE118830B4D04BD9A607184E /* Assets.xcassets */,
				3624CC21D14D4751938413AD /* PrivacyInfo.xcprivacy */,
				99B654675463494AB6A7DF76 /* ZCodeMobile.entitlements */,
				D4799C07BFD24C2B95B60FF3 /* Info.plist */,
			);
			path = App;
			sourceTree = "<group>";
		};
		0E9DF76D0A77415B9CBC3453 /* Theme */ = {
			isa = PBXGroup;
			children = (
			);
			path = Theme;
			sourceTree = "<group>";
		};
		9EC6565313F0400FB03230FE /* Session */ = {
			isa = PBXGroup;
			children = (
				5CA0D11A0D184035A9E7A43E /* Models.swift */,
				F9C90C9A145D4E5BA9780FEB /* AppSettings.swift */,
				6C6E680D16204F5C9DD291F6 /* OfficialLink.swift */,
				84A10F8FE123475FB342DB3F /* OfficialRelay.swift */,
				8CF9F440530949A7B36542D8 /* VSCodeIPC.swift */,
				0A6E89511A3F4F8FACE18730 /* RpcFrame.swift */,
				FA2D9BDA320A42CBB164005F /* MonitorController.swift */,
				600FB78B6FCD4CAC89C3692D /* NotificationCenter.swift */,
			);
			path = Session;
			sourceTree = "<group>";
		};
		5B356A559BF84A9F952B59B9 /* UI */ = {
			isa = PBXGroup;
			children = (
				8EC0455CA3E449139D20FC5A /* RootView.swift */,
			);
			path = UI;
			sourceTree = "<group>";
		};
		9037A8F270D242B1A371CF2C /* Chat */ = {
			isa = PBXGroup;
			children = (
				D827632181A34D3E8F01406C /* QRScannerViewController.swift */,
			);
			path = Chat;
			sourceTree = "<group>";
		};
		A361DA31A97D4E06835D94E7 /* Audio */ = {
			isa = PBXGroup;
			children = (
				5AA60B3039144EE79B2B0BC1 /* SilentAudio.swift */,
			);
			path = Audio;
			sourceTree = "<group>";
		};
		F791A43FCCC841EABCF921C5 /* Web */ = {
			isa = PBXGroup;
			children = (
				EF8B0EA9C02E4E619DD98A8E /* RemoteWebView.swift */,
			);
			path = Web;
			sourceTree = "<group>";
		};
		2FE404C761BC459CA7E65285 /* Products */ = {
			isa = PBXGroup;
			children = (
				BD4D45446DD74E8BBBC7F241 /* ZCode.app */,
			);
			name = Products;
			sourceTree = "<group>";
		};
		1C8E0C3CCFBD4EB68AE5DC69 /* Frameworks */ = {
			isa = PBXGroup;
			children = (
				C7D9C417709C49B383B0390C /* UIKit.framework */,
				91F635963F5048CEABDFA1E4 /* SwiftUI.framework */,
				CDD5180B9E6646C3A0238324 /* UserNotifications.framework */,
				613CDAAD94D5482BA0D73522 /* AVFoundation.framework */,
				6E97DA2FBBE240ACB4D9AED9 /* Vision.framework */,
				2432195DEE4C44328E997B1D /* PhotosUI.framework */,
				EF87F9A983114927A1FBB99B /* CryptoKit.framework */,
				D01FB5DFA7AF4E2D978AC2A6 /* WebKit.framework */,
			);
			name = Frameworks;
			sourceTree = "<group>";
		};
/* End PBXGroup section */

/* Begin PBXNativeTarget section */
		1121CFDD98D64F59B3CF9AFC /* ZCode */ = {
			isa = PBXNativeTarget;
			buildConfigurationList = 29B6D0FE123E49CE95EEEF06 /* Build configuration list for PBXNativeTarget "ZCode" */;
			buildPhases = (
				76306B9DEBDB4562AF2307B0 /* Sources */,
				3735CCD7E4FF4E23BE8B8098 /* Frameworks */,
				65CB1751BF0844AFB4C31451 /* Resources */,
			);
			buildRules = (
			);
			dependencies = (
			);
			name = ZCode;
			productName = ZCode;
			productReference = BD4D45446DD74E8BBBC7F241 /* ZCode.app */;
			productType = "com.apple.product-type.application";
		};
/* End PBXNativeTarget section */

/* Begin PBXProject section */
		017FEDEE0D374B6DA649D472 /* Project object */ = {
			isa = PBXProject;
			attributes = {
				BuildIndependentTargetsInParallel = 1;
				LastSwiftUpdateCheck = 1600;
				LastUpgradeCheck = 1600;
				TargetAttributes = {
					1121CFDD98D64F59B3CF9AFC = {
						CreatedOnToolsVersion = 16.0;
					};
				};
			};
			buildConfigurationList = 1EF63696AA164194B98A9582 /* Build configuration list for PBXProject "ZCodeMobile" */;
			compatibilityVersion = "Xcode 14.0";
			developmentRegion = "zh-Hans";
			hasScannedForEncodings = 0;
			knownRegions = (
				en,
				Base,
				"zh-Hans",
			);
			mainGroup = A3CBA38D1A5E49DC9E14C86D;
			productRefGroup = 2FE404C761BC459CA7E65285 /* Products */;
			projectDirPath = "";
			projectRoot = "";
			targets = (
				1121CFDD98D64F59B3CF9AFC /* ZCode */,
			);
		};
/* End PBXProject section */

/* Begin PBXResourcesBuildPhase section */
		65CB1751BF0844AFB4C31451 /* Resources */ = {
			isa = PBXResourcesBuildPhase;
			buildActionMask = 2147483647;
			files = (
				2094518D798D4A7A918BAE8F /* Assets.xcassets in Resources */,
				F98338E5D9FF46E088C20C17 /* PrivacyInfo.xcprivacy in Resources */,
			);
			runOnlyForDeploymentPostprocessing = 0;
		};
/* End PBXResourcesBuildPhase section */

/* Begin PBXSourcesBuildPhase section */
		76306B9DEBDB4562AF2307B0 /* Sources */ = {
			isa = PBXSourcesBuildPhase;
			buildActionMask = 2147483647;
			files = (
				E93BBD85D6564473BA51D15E /* ZCodeMobileApp.swift in Sources */,
				9DECFA34EB214EB19DF332B0 /* Models.swift in Sources */,
				AF58199B4BBB4FABBE72B914 /* AppSettings.swift in Sources */,
				3B923600ECEE42DC83473FC2 /* OfficialLink.swift in Sources */,
				CAEE05332D3A41D7A8213528 /* OfficialRelay.swift in Sources */,
				EA2719A7AD4F4BC7A4A685C2 /* VSCodeIPC.swift in Sources */,
				644BE978927C4458A5AD2972 /* RpcFrame.swift in Sources */,
				3F4B991935B84ADC8BDE9E8F /* MonitorController.swift in Sources */,
				3711A4AADCED45BA8D1494C9 /* NotificationCenter.swift in Sources */,
				B189E11C820D44CCADFBAF43 /* RootView.swift in Sources */,
				8ED992F19EA4491BABD3B4A8 /* RemoteWebView.swift in Sources */,
				930DD12C94C8444B8D2380FD /* QRScannerViewController.swift in Sources */,
				0BAA04C3121D4F5CAA241961 /* SilentAudio.swift in Sources */,
			);
			runOnlyForDeploymentPostprocessing = 0;
		};
/* End PBXSourcesBuildPhase section */

/* Begin XCBuildConfiguration section */
		4070F1D594F04CEC876E175B /* Debug */ = {
			isa = XCBuildConfiguration;
			buildSettings = {
				ALWAYS_SEARCH_USER_PATHS = NO;
				CLANG_ENABLE_MODULES = YES;
				CLANG_ENABLE_OBJC_ARC = YES;
				COPY_PHASE_STRIP = NO;
				ENABLE_STRICT_OBJC_MSGSEND = YES;
				GCC_NO_COMMON_BLOCKS = YES;
				IPHONEOS_DEPLOYMENT_TARGET = 16.0;
				SDKROOT = iphoneos;
				SWIFT_VERSION = 5.0;
				DEBUG_INFORMATION_FORMAT = dwarf;
				ENABLE_TESTABILITY = YES;
				GCC_DYNAMIC_NO_PIC = NO;
				GCC_OPTIMIZATION_LEVEL = 0;
				MTL_ENABLE_DEBUG_INFO = INCLUDE_SOURCE;
				ONLY_ACTIVE_ARCH = YES;
				SWIFT_ACTIVE_COMPILATION_CONDITIONS = DEBUG;
				SWIFT_OPTIMIZATION_LEVEL = "-Onone";
			};
			name = Debug;
		};
		BB954B33728F46FABC781FD5 /* Release */ = {
			isa = XCBuildConfiguration;
			buildSettings = {
				ALWAYS_SEARCH_USER_PATHS = NO;
				CLANG_ENABLE_MODULES = YES;
				CLANG_ENABLE_OBJC_ARC = YES;
				COPY_PHASE_STRIP = NO;
				ENABLE_STRICT_OBJC_MSGSEND = YES;
				GCC_NO_COMMON_BLOCKS = YES;
				IPHONEOS_DEPLOYMENT_TARGET = 16.0;
				SDKROOT = iphoneos;
				SWIFT_VERSION = 5.0;
				DEBUG_INFORMATION_FORMAT = "dwarf-with-dsym";
				ENABLE_NS_ASSERTIONS = NO;
				MTL_ENABLE_DEBUG_INFO = NO;
				SWIFT_COMPILATION_MODE = wholemodule;
				SWIFT_OPTIMIZATION_LEVEL = "-O";
				VALIDATE_PRODUCT = YES;
			};
			name = Release;
		};
		3EBC34DB10034AEEB2E93B72 /* Debug */ = {
			isa = XCBuildConfiguration;
			buildSettings = {
				ASSETCATALOG_COMPILER_APPICON_NAME = AppIcon;
				ASSETCATALOG_COMPILER_GLOBAL_ACCENT_COLOR_NAME = AccentColor;
				CODE_SIGN_ENTITLEMENTS = App/ZCodeMobile.entitlements;
				CODE_SIGNING_ALLOWED = NO;
				CODE_SIGNING_REQUIRED = NO;
				CODE_SIGN_IDENTITY = "";
				CODE_SIGN_STYLE = Manual;
				CURRENT_PROJECT_VERSION = 1;
				DEVELOPMENT_TEAM = "";
				GENERATE_INFOPLIST_FILE = NO;
				INFOPLIST_FILE = App/Info.plist;
				LD_RUNPATH_SEARCH_PATHS = "$(inherited) @executable_path/Frameworks";
				MARKETING_VERSION = 1.0.0;
				PRODUCT_BUNDLE_IDENTIFIER = dev.zcode.mobile;
				PRODUCT_NAME = ZCode;
				SUPPORTS_MACCATALYST = NO;
				SWIFT_EMIT_LOC_STRINGS = YES;
				TARGETED_DEVICE_FAMILY = "1,2";
			};
			name = Debug;
		};
		5E2ED3A6E0164FC2BEA609C6 /* Release */ = {
			isa = XCBuildConfiguration;
			buildSettings = {
				ASSETCATALOG_COMPILER_APPICON_NAME = AppIcon;
				ASSETCATALOG_COMPILER_GLOBAL_ACCENT_COLOR_NAME = AccentColor;
				CODE_SIGN_ENTITLEMENTS = App/ZCodeMobile.entitlements;
				CODE_SIGNING_ALLOWED = NO;
				CODE_SIGNING_REQUIRED = NO;
				CODE_SIGN_IDENTITY = "";
				CODE_SIGN_STYLE = Manual;
				CURRENT_PROJECT_VERSION = 1;
				DEVELOPMENT_TEAM = "";
				GENERATE_INFOPLIST_FILE = NO;
				INFOPLIST_FILE = App/Info.plist;
				LD_RUNPATH_SEARCH_PATHS = "$(inherited) @executable_path/Frameworks";
				MARKETING_VERSION = 1.0.0;
				PRODUCT_BUNDLE_IDENTIFIER = dev.zcode.mobile;
				PRODUCT_NAME = ZCode;
				SUPPORTS_MACCATALYST = NO;
				SWIFT_EMIT_LOC_STRINGS = YES;
				TARGETED_DEVICE_FAMILY = "1,2";
			};
			name = Release;
		};
/* End XCBuildConfiguration section */

/* Begin XCConfigurationList section */
		1EF63696AA164194B98A9582 /* Build configuration list for PBXProject "ZCodeMobile" */ = {
			isa = XCConfigurationList;
			buildConfigurations = (
				4070F1D594F04CEC876E175B /* Debug */,
				BB954B33728F46FABC781FD5 /* Release */,
			);
			defaultConfigurationIsVisible = 0;
			defaultConfigurationName = Release;
		};
		29B6D0FE123E49CE95EEEF06 /* Build configuration list for PBXNativeTarget "ZCode" */ = {
			isa = XCConfigurationList;
			buildConfigurations = (
				3EBC34DB10034AEEB2E93B72 /* Debug */,
				5E2ED3A6E0164FC2BEA609C6 /* Release */,
			);
			defaultConfigurationIsVisible = 0;
			defaultConfigurationName = Release;
		};
/* End XCConfigurationList section */
	};
	rootObject = 017FEDEE0D374B6DA649D472 /* Project object */;
}
